Microsoft Visual Studio Solution File, Format Version 12.00
# Visual Studio Version 18
VisualStudioVersion = 18.7.11811.120 insiders
MinimumVisualStudioVersion = 10.0.40219.1
Project("{FAE04EC0-301F-11D3-BF4B-00C04F79EFBC}") = "AquarelaApi", "AquarelaApi\AquarelaApi.csproj", "{DC732DC8-D242-567F-75BB-FB9A302B6C95}"
EndProject
Project("{FAE04EC0-301F-11D3-BF4B-00C04F79EFBC}") = "AquarelaTest", "AquarelaTest\AquarelaTest.csproj", "{92250186-D5D5-4B39-85D3-5B197B5910F9}"
EndProject
Global
	GlobalSection(SolutionConfigurationPlatforms) = preSolution
		Debug|Any CPU = Debug|Any CPU
		Release|Any CPU = Release|Any CPU
	EndGlobalSection
	GlobalSection(ProjectConfigurationPlatforms) = postSolution
		{DC732DC8-D242-567F-75BB-FB9A302B6C95}.Debug|Any CPU.ActiveCfg = Debug|Any CPU
		{DC732DC8-D242-567F-75BB-FB9A302B6C95}.Debug|Any CPU.Build.0 = Debug|Any CPU
		{DC732DC8-D242-567F-75BB-FB9A302B6C95}.Release|Any CPU.ActiveCfg = Release|Any CPU
		{DC732DC8-D242-567F-75BB-FB9A302B6C95}.Release|Any CPU.Build.0 = Release|Any CPU
		{92250186-D5D5-4B39-85D3-5B197B5910F9}.Debug|Any CPU.ActiveCfg = Debug|Any CPU
		{92250186-D5D5-4B39-85D3-5B197B5910F9}.Debug|Any CPU.Build.0 = Debug|Any CPU
		{92250186-D5D5-4B39-85D3-5B197B5910F9}.Release|Any CPU.ActiveCfg = Release|Any CPU
		{92250186-D5D5-4B39-85D3-5B197B5910F9}.Release|Any CPU.Build.0 = Release|Any CPU
	EndGlobalSection
	GlobalSection(SolutionProperties) = preSolution
		HideSolutionNode = FALSE
	EndGlobalSection
	GlobalSection(ExtensibilityGlobals) = postSolution
		SolutionGuid = {0401260A-3700-40FD-8D0E-B5ED8C02C659}
	EndGlobalSection
EndGlobal
